
Microsoft Visual Studio Solution File, Format Version 12.00
# Visual Studio Version 17
VisualStudioVersion = 17.4.33110.190
MinimumVisualStudioVersion = 10.0.40219.1
Project("{FAE04EC0-301F-11D3-BF4B-00C04F79EFBC}") = "MainTests", "MainTests\MainTests.csproj", "{20E9A9E4-325A-41E5-9750-CB66F9038959}"
EndProject
Project("{FAE04EC0-301F-11D3-BF4B-00C04F79EFBC}") = "CommonInterfacesAndTypes", "CommonInterfacesAndTypes\CommonInterfacesAndTypes.csproj", "{1426A039-D6CB-4F1E-96FB-0D4F64A81E7C}"
EndProject
Project("{FAE04EC0-301F-11D3-BF4B-00C04F79EFBC}") = "GrainImplementations", "GrainImplementations\GrainImplementations.csproj", "{A9409BF9-D56D-427A-90AF-04A1034C20D6}"
EndProject
Global
	GlobalSection(SolutionConfigurationPlatforms) = preSolution
		Debug|Any CPU = Debug|Any CPU
		Release|Any CPU = Release|Any CPU
	EndGlobalSection
	GlobalSection(ProjectConfigurationPlatforms) = postSolution
		{20E9A9E4-325A-41E5-9750-CB66F9038959}.Debug|Any CPU.ActiveCfg = Debug|Any CPU
		{20E9A9E4-325A-41E5-9750-CB66F9038959}.Debug|Any CPU.Build.0 = Debug|Any CPU
		{20E9A9E4-325A-41E5-9750-CB66F9038959}.Release|Any CPU.ActiveCfg = Release|Any CPU
		{20E9A9E4-325A-41E5-9750-CB66F9038959}.Release|Any CPU.Build.0 = Release|Any CPU
		{1426A039-D6CB-4F1E-96FB-0D4F64A81E7C}.Debug|Any CPU.ActiveCfg = Debug|Any CPU
		{1426A039-D6CB-4F1E-96FB-0D4F64A81E7C}.Debug|Any CPU.Build.0 = Debug|Any CPU
		{1426A039-D6CB-4F1E-96FB-0D4F64A81E7C}.Release|Any CPU.ActiveCfg = Release|Any CPU
		{1426A039-D6CB-4F1E-96FB-0D4F64A81E7C}.Release|Any CPU.Build.0 = Release|Any CPU
		{A9409BF9-D56D-427A-90AF-04A1034C20D6}.Debug|Any CPU.ActiveCfg = Debug|Any CPU
		{A9409BF9-D56D-427A-90AF-04A1034C20D6}.Debug|Any CPU.Build.0 = Debug|Any CPU
		{A9409BF9-D56D-427A-90AF-04A1034C20D6}.Release|Any CPU.ActiveCfg = Release|Any CPU
		{A9409BF9-D56D-427A-90AF-04A1034C20D6}.Release|Any CPU.Build.0 = Release|Any CPU
	EndGlobalSection
	GlobalSection(SolutionProperties) = preSolution
		HideSolutionNode = FALSE
	EndGlobalSection
	GlobalSection(ExtensibilityGlobals) = postSolution
		SolutionGuid = {03BF2909-55FF-4899-85F6-3B0F23EF0DA0}
	EndGlobalSection
EndGlobal
